# THIS IS AN AUTOGENERATED FILE. DO NOT EDIT THIS FILE DIRECTLY.
# yarn lockfile v1


"@types/howler@^2.2.11":
  version "2.2.11"
  resolved "https://registry.yarnpkg.com/@types/howler/-/howler-2.2.11.tgz#a75c4ab5666aee5fcfbd5de15d35dbaaa3d3f070"
  integrity sha512-7aBoUL6RbSIrqKnpEgfa1wSNUBK06mn08siP2QI0zYk7MXfEJAaORc4tohamQYqCqVESoDyRWSdQn2BOKWj2Qw==

batch-processor@^1.0.0:
  version "1.0.0"
  resolved "https://registry.yarnpkg.com/batch-processor/-/batch-processor-1.0.0.tgz#75c95c32b748e0850d10c2b168f6bdbe9891ace8"
  integrity sha512-xoLQD8gmmR32MeuBHgH0Tzd5PuSZx71ZsbhVxOCRbgktZEPe4SQy7s9Z50uPp0F/f7iw2XmkHN2xkgbMfckMDA==

container-query-toolkit@0.1.3:
  version "0.1.3"
  resolved "https://registry.yarnpkg.com/container-query-toolkit/-/container-query-toolkit-0.1.3.tgz#79ece9fe491d9187b7051247067f1faac6ce00b0"
  integrity sha512-B1EvYaLzFKz81vgWDm+zL0X7fzFUjlN6lF/RivDeNT4xW9mFsTh1oiC9rtvFFiwG52e3JUmYLXwPpqNBf2AXHA==

element-resize-detector@1.1.13:
  version "1.1.13"
  resolved "https://registry.yarnpkg.com/element-resize-detector/-/element-resize-detector-1.1.13.tgz#f61907e98a91b1ad215f92790bc15113df68444d"
  integrity sha512-QzMTvOM+hSXzPGxO4XeHq8OJAJZ/0kZQRbIBVGlR4GRVWHdfv/I/udYzIcQCZtzN1LdwkrGsNPWTIDbC8Tj7PA==
  dependencies:
    batch-processor "^1.0.0"

react-container-query@^0.13.0:
  version "0.13.0"
  resolved "https://registry.yarnpkg.com/react-container-query/-/react-container-query-0.13.0.tgz#8254c939a0aac5bbf5245ceb99cdc8e55b90e18d"
  integrity sha512-oSBqBGJK5WgZ10CSb0kW3Awt/9kEsweGlg/MdVjhMtWhwrM4aC7CMVQWyXefv2tka9DrB1l/FiMDWMJgJ23ClQ==
  dependencies:
    container-query-toolkit "0.1.3"
    resize-observer-lite "0.2.3"

resize-observer-lite@0.2.3:
  version "0.2.3"
  resolved "https://registry.yarnpkg.com/resize-observer-lite/-/resize-observer-lite-0.2.3.tgz#b557f378e2ce9b9aab1dc71a91047bd7ed1d8915"
  integrity sha512-k/p+pjCTQkQ7x94bWsxcVwEJI5SrcO95j7czrCKMpHjXFQ+HmKRGLTdAkZoL3+wG1Pe/4L9Sl652zy9lU54dFg==
  dependencies:
    element-resize-detector "1.1.13"
