# THIS IS AN AUTOGENERATED FILE. DO NOT EDIT THIS FILE DIRECTLY.
# yarn lockfile v1


"@types/howler@^2.2.11":
  version "2.2.11"
  resolved "https://registry.yarnpkg.com/@types/howler/-/howler-2.2.11.tgz#a75c4ab5666aee5fcfbd5de15d35dbaaa3d3f070"
  integrity sha512-7aBoUL6RbSIrqKnpEgfa1wSNUBK06mn08siP2QI0zYk7MXfEJAaORc4tohamQYqCqVESoDyRWSdQn2BOKWj2Qw==
